
Microsoft Visual Studio Solution File, Format Version 12.00
# Visual Studio Version 17
VisualStudioVersion = 17.2.32630.192
MinimumVisualStudioVersion = 10.0.40219.1
Project("{2150E333-8FDC-42A3-9474-1A3956D46DE8}") = "MaterialExport", "MaterialExport", "{E4F53182-A5A7-41D6-A438-9C11343ED716}"
EndProject
Project("{D954291E-2A0B-460D-934E-DC6B0785DB48}") = "Shared", "MaterialExporter\Shared\Shared.shproj", "{841FFFF7-1940-4B7B-B21F-83E2F16333D4}"
EndProject
Project("{D954291E-2A0B-460D-934E-DC6B0785DB48}") = "Core.MaterialExporter", "MaterialExporter\Core.MaterialExporter\Core.MaterialExporter.shproj", "{239CBD57-FD90-461C-98FC-426C0CE26CDB}"
EndProject
Project("{FAE04EC0-301F-11D3-BF4B-00C04F79EFBC}") = "KK.MaterialExporter", "MaterialExporter\MaterialExporter.KK\KK.MaterialExporter.csproj", "{3E3EB12B-429B-407E-9BE3-64552D8E9324}"
EndProject
Project("{FAE04EC0-301F-11D3-BF4B-00C04F79EFBC}") = "KKS.MaterialExporter", "MaterialExporter\MaterialExporter.KKS\KKS.MaterialExporter.csproj", "{7E6F4580-04A9-4988-99A3-E6D3426EB102}"
EndProject
Global
	GlobalSection(SolutionConfigurationPlatforms) = preSolution
		Debug|Any CPU = Debug|Any CPU
		Release|Any CPU = Release|Any CPU
	EndGlobalSection
	GlobalSection(ProjectConfigurationPlatforms) = postSolution
		{3E3EB12B-429B-407E-9BE3-64552D8E9324}.Debug|Any CPU.ActiveCfg = Debug|Any CPU
		{3E3EB12B-429B-407E-9BE3-64552D8E9324}.Debug|Any CPU.Build.0 = Debug|Any CPU
		{3E3EB12B-429B-407E-9BE3-64552D8E9324}.Release|Any CPU.ActiveCfg = Release|Any CPU
		{3E3EB12B-429B-407E-9BE3-64552D8E9324}.Release|Any CPU.Build.0 = Release|Any CPU
		{7E6F4580-04A9-4988-99A3-E6D3426EB102}.Debug|Any CPU.ActiveCfg = Debug|Any CPU
		{7E6F4580-04A9-4988-99A3-E6D3426EB102}.Debug|Any CPU.Build.0 = Debug|Any CPU
		{7E6F4580-04A9-4988-99A3-E6D3426EB102}.Release|Any CPU.ActiveCfg = Release|Any CPU
		{7E6F4580-04A9-4988-99A3-E6D3426EB102}.Release|Any CPU.Build.0 = Release|Any CPU
	EndGlobalSection
	GlobalSection(SolutionProperties) = preSolution
		HideSolutionNode = FALSE
	EndGlobalSection
	GlobalSection(NestedProjects) = preSolution
		{841FFFF7-1940-4B7B-B21F-83E2F16333D4} = {E4F53182-A5A7-41D6-A438-9C11343ED716}
		{239CBD57-FD90-461C-98FC-426C0CE26CDB} = {E4F53182-A5A7-41D6-A438-9C11343ED716}
		{3E3EB12B-429B-407E-9BE3-64552D8E9324} = {E4F53182-A5A7-41D6-A438-9C11343ED716}
		{7E6F4580-04A9-4988-99A3-E6D3426EB102} = {E4F53182-A5A7-41D6-A438-9C11343ED716}
	EndGlobalSection
	GlobalSection(ExtensibilityGlobals) = postSolution
		SolutionGuid = {EA6F5A6E-8CB0-488A-9995-7F35F9E12BEB}
	EndGlobalSection
	GlobalSection(SharedMSBuildProjectFiles) = preSolution
		MaterialExporter\Core.MaterialExporter\Core.MaterialExporter.projitems*{239cbd57-fd90-461c-98fc-426c0ce26cdb}*SharedItemsImports = 13
		MaterialExporter\Core.MaterialExporter\Core.MaterialExporter.projitems*{3e3eb12b-429b-407e-9be3-64552d8e9324}*SharedItemsImports = 4
		MaterialExporter\Shared\Shared.projitems*{3e3eb12b-429b-407e-9be3-64552d8e9324}*SharedItemsImports = 4
		MaterialExporter\Core.MaterialExporter\Core.MaterialExporter.projitems*{7e6f4580-04a9-4988-99a3-e6d3426eb102}*SharedItemsImports = 4
		MaterialExporter\Shared\Shared.projitems*{7e6f4580-04a9-4988-99a3-e6d3426eb102}*SharedItemsImports = 4
		MaterialExporter\Shared\Shared.projitems*{841ffff7-1940-4b7b-b21f-83e2f16333d4}*SharedItemsImports = 13
	EndGlobalSection
EndGlobal
